
Microsoft Visual Studio Solution File, Format Version 12.00
# Visual Studio Version 17
VisualStudioVersion = 17.5.002.0
MinimumVisualStudioVersion = 10.0.40219.1
Project("{9A19103F-16F7-4668-BE54-9A1E7A4F7556}") = "NetCoreWebsitesBL", "NetCoreWebsitesBL\NetCoreWebsitesBL.csproj", "{15842B2C-022F-450D-ABA4-BD6A7BB06F63}"
EndProject
Project("{FAE04EC0-301F-11D3-BF4B-00C04F79EFBC}") = "majestic", "..\majestic\majestic.csproj", "{4338A5A0-F1BD-4A0F-8320-1F5434B532B2}"
EndProject
Global
	GlobalSection(SolutionConfigurationPlatforms) = preSolution
		Debug|Any CPU = Debug|Any CPU
		Release|Any CPU = Release|Any CPU
	EndGlobalSection
	GlobalSection(ProjectConfigurationPlatforms) = postSolution
		{15842B2C-022F-450D-ABA4-BD6A7BB06F63}.Debug|Any CPU.ActiveCfg = Debug|Any CPU
		{15842B2C-022F-450D-ABA4-BD6A7BB06F63}.Debug|Any CPU.Build.0 = Debug|Any CPU
		{15842B2C-022F-450D-ABA4-BD6A7BB06F63}.Release|Any CPU.ActiveCfg = Release|Any CPU
		{15842B2C-022F-450D-ABA4-BD6A7BB06F63}.Release|Any CPU.Build.0 = Release|Any CPU
		{4338A5A0-F1BD-4A0F-8320-1F5434B532B2}.Debug|Any CPU.ActiveCfg = Debug|Any CPU
		{4338A5A0-F1BD-4A0F-8320-1F5434B532B2}.Debug|Any CPU.Build.0 = Debug|Any CPU
		{4338A5A0-F1BD-4A0F-8320-1F5434B532B2}.Release|Any CPU.ActiveCfg = Release|Any CPU
		{4338A5A0-F1BD-4A0F-8320-1F5434B532B2}.Release|Any CPU.Build.0 = Release|Any CPU
	EndGlobalSection
	GlobalSection(SolutionProperties) = preSolution
		HideSolutionNode = FALSE
	EndGlobalSection
	GlobalSection(ExtensibilityGlobals) = postSolution
		SolutionGuid = {90BFB7F6-FA93-47DB-A404-FC8F1DB93957}
	EndGlobalSection
EndGlobal
